// !$*UTF8*$!
{
	archiveVersion = 1;
	classes = {
	};
	objectVersion = 48;
	objects = {

/* Begin PBXBuildFile section */
		070032822086C8BD00A15D7E /* BubbleSorter.m in Sources */ = {isa = PBXBuildFile; fileRef = 070032812086C8BD00A15D7E /* BubbleSorter.m */; };
		0706F5FA2085DA6000A2753D /* ELLinearUnitCell.m in Sources */ = {isa = PBXBuildFile; fileRef = 0706F5F92085DA6000A2753D /* ELLinearUnitCell.m */; };
		0706F6002085E48B00A2753D /* UIView+funcs.m in Sources */ = {isa = PBXBuildFile; fileRef = 0706F5FF2085E48B00A2753D /* UIView+funcs.m */; };
		070EA11E2086568F002B84E2 /* ELTreeUnitCell.mm in Sources */ = {isa = PBXBuildFile; fileRef = 070EA1162086568F002B84E2 /* ELTreeUnitCell.mm */; };
		070EA11F2086568F002B84E2 /* BinaryTree.mm in Sources */ = {isa = PBXBuildFile; fileRef = 070EA1192086568F002B84E2 /* BinaryTree.mm */; };
		071D3775208EDB9900E59AA7 /* SelectFlowController.m in Sources */ = {isa = PBXBuildFile; fileRef = 071D3774208EDB9900E59AA7 /* SelectFlowController.m */; };
		071D3779208EDC8300E59AA7 /* SelectController.m in Sources */ = {isa = PBXBuildFile; fileRef = 071D3778208EDC8300E59AA7 /* SelectController.m */; };
		071D377F208F1FF700E59AA7 /* SelectionSorter.m in Sources */ = {isa = PBXBuildFile; fileRef = 071D377E208F1FF700E59AA7 /* SelectionSorter.m */; };
		07245C152086E49300490B4C /* LinearSorter.m in Sources */ = {isa = PBXBuildFile; fileRef = 07245C142086E49300490B4C /* LinearSorter.m */; };
		072D6570207FA24B00C25E75 /* ConfigSortController.m in Sources */ = {isa = PBXBuildFile; fileRef = 072D656F207FA24B00C25E75 /* ConfigSortController.m */; };
		072E88A120878AC80044B478 /* InsertionSorter.m in Sources */ = {isa = PBXBuildFile; fileRef = 072E88A020878AC80044B478 /* InsertionSorter.m */; };
		0733322E208D721A009E2E38 /* SettingViewController.m in Sources */ = {isa = PBXBuildFile; fileRef = 0733322D208D721A009E2E38 /* SettingViewController.m */; };
		07333231208DA110009E2E38 /* SwitchCell.m in Sources */ = {isa = PBXBuildFile; fileRef = 07333230208DA110009E2E38 /* SwitchCell.m */; };
		07545DD92083028700430681 /* ELSplitViewController.m in Sources */ = {isa = PBXBuildFile; fileRef = 07545DD82083028700430681 /* ELSplitViewController.m */; };
		07545DDC2083575400430681 /* UIImage+operations.m in Sources */ = {isa = PBXBuildFile; fileRef = 07545DDB2083575400430681 /* UIImage+operations.m */; };
		077A40982084CA3500D887FB /* HeapSorter.m in Sources */ = {isa = PBXBuildFile; fileRef = 077A40972084CA3500D887FB /* HeapSorter.m */; };
		07828063207C5FDC000D0B4A /* AppDelegate.m in Sources */ = {isa = PBXBuildFile; fileRef = 07828062207C5FDC000D0B4A /* AppDelegate.m */; };
		07828066207C5FDC000D0B4A /* ViewController.m in Sources */ = {isa = PBXBuildFile; fileRef = 07828065207C5FDC000D0B4A /* ViewController.m */; };
		07828069207C5FDC000D0B4A /* Main.storyboard in Resources */ = {isa = PBXBuildFile; fileRef = 07828067207C5FDC000D0B4A /* Main.storyboard */; };
		0782806B207C5FDD000D0B4A /* Assets.xcassets in Resources */ = {isa = PBXBuildFile; fileRef = 0782806A207C5FDD000D0B4A /* Assets.xcassets */; };
		0782806E207C5FDD000D0B4A /* LaunchScreen.storyboard in Resources */ = {isa = PBXBuildFile; fileRef = 0782806C207C5FDD000D0B4A /* LaunchScreen.storyboard */; };
		07828071207C5FDD000D0B4A /* main.m in Sources */ = {isa = PBXBuildFile; fileRef = 07828070207C5FDD000D0B4A /* main.m */; };
		07828079207C765E000D0B4A /* Common.m in Sources */ = {isa = PBXBuildFile; fileRef = 07828078207C765E000D0B4A /* Common.m */; };
		079089CE2083A9D7008890F8 /* UIViewController+funcs.m in Sources */ = {isa = PBXBuildFile; fileRef = 079089CD2083A9D7008890F8 /* UIViewController+funcs.m */; };
		079089D12083AFD3008890F8 /* SelectOrderController.m in Sources */ = {isa = PBXBuildFile; fileRef = 079089D02083AFD3008890F8 /* SelectOrderController.m */; };
		07A75A49208E19C5004BA670 /* TextFieldCell.m in Sources */ = {isa = PBXBuildFile; fileRef = 07A75A48208E19C5004BA670 /* TextFieldCell.m */; };
		07A83D082090274C00C942E7 /* HanyuPinyinOutputFormat.m in Sources */ = {isa = PBXBuildFile; fileRef = 07A83CFE2090274C00C942E7 /* HanyuPinyinOutputFormat.m */; };
		07A83D092090274C00C942E7 /* ChineseToPinyinResource.m in Sources */ = {isa = PBXBuildFile; fileRef = 07A83CFF2090274C00C942E7 /* ChineseToPinyinResource.m */; };
		07A83D0A2090274C00C942E7 /* PinyinFormatter.m in Sources */ = {isa = PBXBuildFile; fileRef = 07A83D032090274C00C942E7 /* PinyinFormatter.m */; };
		07A83D0B2090274C00C942E7 /* PinyinHelper.m in Sources */ = {isa = PBXBuildFile; fileRef = 07A83D052090274C00C942E7 /* PinyinHelper.m */; };
		07A83D0C2090274C00C942E7 /* NSString+PinYin4Cocoa.m in Sources */ = {isa = PBXBuildFile; fileRef = 07A83D062090274C00C942E7 /* NSString+PinYin4Cocoa.m */; };
		07A83D0D2090274C00C942E7 /* unicode_to_hanyu_pinyin.txt in Resources */ = {isa = PBXBuildFile; fileRef = 07A83D072090274C00C942E7 /* unicode_to_hanyu_pinyin.txt */; };
		07BDAE45207D9307009BFD30 /* SortingViewController.m in Sources */ = {isa = PBXBuildFile; fileRef = 07BDAE44207D9307009BFD30 /* SortingViewController.m */; };
		07D3C6302089736400DE7AAF /* ELGroupedUnitCell.m in Sources */ = {isa = PBXBuildFile; fileRef = 07D3C62F2089736400DE7AAF /* ELGroupedUnitCell.m */; };
		07E38E06207CF1FF00E3A4BB /* UIView+frameProperty.m in Sources */ = {isa = PBXBuildFile; fileRef = 07E38E05207CF1FF00E3A4BB /* UIView+frameProperty.m */; };
		07E38E0C207CF63100E3A4BB /* ELSortNameCollectionCell.m in Sources */ = {isa = PBXBuildFile; fileRef = 07E38E0B207CF63100E3A4BB /* ELSortNameCollectionCell.m */; };
		07FC6DEF2090784B00167E51 /* SortBaseClass.m in Sources */ = {isa = PBXBuildFile; fileRef = 07FC6DEE2090784B00167E51 /* SortBaseClass.m */; };
		22E5C98030DE225BA63F3508 /* Pods_SortReveal.framework in Frameworks */ = {isa = PBXBuildFile; fileRef = EB34E35209FCA2EA7D626133 /* Pods_SortReveal.framework */; };
/* End PBXBuildFile section */

/* Begin PBXFileReference section */
		070032802086C8BD00A15D7E /* SortBaseClass.h */ = {isa = PBXFileReference; lastKnownFileType = sourcecode.c.h; path = SortBaseClass.h; sourceTree = "<group>"; };
		070032812086C8BD00A15D7E /* BubbleSorter.m */ = {isa = PBXFileReference; lastKnownFileType = sourcecode.c.objc; path = BubbleSorter.m; sourceTree = "<group>"; };
		0706F5F92085DA6000A2753D /* ELLinearUnitCell.m */ = {isa = PBXFileReference; lastKnownFileType = sourcecode.c.objc; path = ELLinearUnitCell.m; sourceTree = "<group>"; };
		0706F5FE2085E48B00A2753D /* UIView+funcs.h */ = {isa = PBXFileReference; lastKnownFileType = sourcecode.c.h; path = "UIView+funcs.h"; sourceTree = "<group>"; };
		0706F5FF2085E48B00A2753D /* UIView+funcs.m */ = {isa = PBXFileReference; lastKnownFileType = sourcecode.c.objc; path = "UIView+funcs.m"; sourceTree = "<group>"; };
		0706F6012086189800A2753D /* ELCollectionCell.h */ = {isa = PBXFileReference; lastKnownFileType = sourcecode.c.h; path = ELCollectionCell.h; sourceTree = "<group>"; };
		070EA1162086568F002B84E2 /* ELTreeUnitCell.mm */ = {isa = PBXFileReference; fileEncoding = 4; lastKnownFileType = sourcecode.cpp.objcpp; path = ELTreeUnitCell.mm; sourceTree = "<group>"; };
		070EA1172086568F002B84E2 /* HuffmanTree.hpp */ = {isa = PBXFileReference; fileEncoding = 4; lastKnownFileType = sourcecode.cpp.h; path = HuffmanTree.hpp; sourceTree = "<group>"; };
		070EA1182086568F002B84E2 /* LinkedQueue.hpp */ = {isa = PBXFileReference; fileEncoding = 4; lastKnownFileType = sourcecode.cpp.h; path = LinkedQueue.hpp; sourceTree = "<group>"; };
		070EA1192086568F002B84E2 /* BinaryTree.mm */ = {isa = PBXFileReference; fileEncoding = 4; lastKnownFileType = sourcecode.cpp.objcpp; path = BinaryTree.mm; sourceTree = "<group>"; };
		070EA11A2086568F002B84E2 /* xcept.hpp */ = {isa = PBXFileReference; fileEncoding = 4; lastKnownFileType = sourcecode.cpp.h; path = xcept.hpp; sourceTree = "<group>"; };
		070EA11B2086568F002B84E2 /* MinHeap.hpp */ = {isa = PBXFileReference; fileEncoding = 4; lastKnownFileType = sourcecode.cpp.h; path = MinHeap.hpp; sourceTree = "<group>"; };
		070EA11C2086568F002B84E2 /* LinkedStack.hpp */ = {isa = PBXFileReference; fileEncoding = 4; lastKnownFileType = sourcecode.cpp.h; path = LinkedStack.hpp; sourceTree = "<group>"; };
		070EA11D2086568F002B84E2 /* Node.hpp */ = {isa = PBXFileReference; fileEncoding = 4; lastKnownFileType = sourcecode.cpp.h; path = Node.hpp; sourceTree = "<group>"; };
		071D3773208EDB9900E59AA7 /* SelectFlowController.h */ = {isa = PBXFileReference; lastKnownFileType = sourcecode.c.h; path = SelectFlowController.h; sourceTree = "<group>"; };
		071D3774208EDB9900E59AA7 /* SelectFlowController.m */ = {isa = PBXFileReference; lastKnownFileType = sourcecode.c.objc; path = SelectFlowController.m; sourceTree = "<group>"; };
		071D3777208EDC8300E59AA7 /* SelectController.h */ = {isa = PBXFileReference; lastKnownFileType = sourcecode.c.h; path = SelectController.h; sourceTree = "<group>"; };
		071D3778208EDC8300E59AA7 /* SelectController.m */ = {isa = PBXFileReference; lastKnownFileType = sourcecode.c.objc; path = SelectController.m; sourceTree = "<group>"; };
		071D377E208F1FF700E59AA7 /* SelectionSorter.m */ = {isa = PBXFileReference; lastKnownFileType = sourcecode.c.objc; path = SelectionSorter.m; sourceTree = "<group>"; };
		07245C142086E49300490B4C /* LinearSorter.m */ = {isa = PBXFileReference; lastKnownFileType = sourcecode.c.objc; path = LinearSorter.m; sourceTree = "<group>"; };
		07245C182086E61100490B4C /* LinearSubSorters.h */ = {isa = PBXFileReference; lastKnownFileType = sourcecode.c.h; path = LinearSubSorters.h; sourceTree = "<group>"; };
		072D656E207FA24B00C25E75 /* ConfigSortController.h */ = {isa = PBXFileReference; lastKnownFileType = sourcecode.c.h; path = ConfigSortController.h; sourceTree = "<group>"; };
		072D656F207FA24B00C25E75 /* ConfigSortController.m */ = {isa = PBXFileReference; lastKnownFileType = sourcecode.c.objc; path = ConfigSortController.m; sourceTree = "<group>"; };
		072E88A020878AC80044B478 /* InsertionSorter.m */ = {isa = PBXFileReference; lastKnownFileType = sourcecode.c.objc; path = InsertionSorter.m; sourceTree = "<group>"; };
		0733322C208D721A009E2E38 /* SettingViewController.h */ = {isa = PBXFileReference; lastKnownFileType = sourcecode.c.h; path = SettingViewController.h; sourceTree = "<group>"; };
		0733322D208D721A009E2E38 /* SettingViewController.m */ = {isa = PBXFileReference; lastKnownFileType = sourcecode.c.objc; path = SettingViewController.m; sourceTree = "<group>"; };
		0733322F208DA110009E2E38 /* SwitchCell.h */ = {isa = PBXFileReference; lastKnownFileType = sourcecode.c.h; path = SwitchCell.h; sourceTree = "<group>"; };
		07333230208DA110009E2E38 /* SwitchCell.m */ = {isa = PBXFileReference; lastKnownFileType = sourcecode.c.objc; path = SwitchCell.m; sourceTree = "<group>"; };
		07545DD72083028700430681 /* ELSplitViewController.h */ = {isa = PBXFileReference; lastKnownFileType = sourcecode.c.h; path = ELSplitViewController.h; sourceTree = "<group>"; };
		07545DD82083028700430681 /* ELSplitViewController.m */ = {isa = PBXFileReference; lastKnownFileType = sourcecode.c.objc; path = ELSplitViewController.m; sourceTree = "<group>"; };
		07545DDA2083575400430681 /* UIImage+operations.h */ = {isa = PBXFileReference; lastKnownFileType = sourcecode.c.h; path = "UIImage+operations.h"; sourceTree = "<group>"; };
		07545DDB2083575400430681 /* UIImage+operations.m */ = {isa = PBXFileReference; lastKnownFileType = sourcecode.c.objc; path = "UIImage+operations.m"; sourceTree = "<group>"; };
		077A40972084CA3500D887FB /* HeapSorter.m */ = {isa = PBXFileReference; lastKnownFileType = sourcecode.c.objc; path = HeapSorter.m; sourceTree = "<group>"; };
		078175602084ADCA00FD043B /* Protocols.h */ = {isa = PBXFileReference; lastKnownFileType = sourcecode.c.h; path = Protocols.h; sourceTree = "<group>"; };
		0782805E207C5FDC000D0B4A /* SortReveal.app */ = {isa = PBXFileReference; explicitFileType = wrapper.application; includeInIndex = 0; path = SortReveal.app; sourceTree = BUILT_PRODUCTS_DIR; };
		07828061207C5FDC000D0B4A /* AppDelegate.h */ = {isa = PBXFileReference; lastKnownFileType = sourcecode.c.h; path = AppDelegate.h; sourceTree = "<group>"; };
		07828062207C5FDC000D0B4A /* AppDelegate.m */ = {isa = PBXFileReference; lastKnownFileType = sourcecode.c.objc; path = AppDelegate.m; sourceTree = "<group>"; };
		07828064207C5FDC000D0B4A /* ViewController.h */ = {isa = PBXFileReference; lastKnownFileType = sourcecode.c.h; path = ViewController.h; sourceTree = "<group>"; };
		07828065207C5FDC000D0B4A /* ViewController.m */ = {isa = PBXFileReference; lastKnownFileType = sourcecode.c.objc; path = ViewController.m; sourceTree = "<group>"; };
		07828068207C5FDC000D0B4A /* Base */ = {isa = PBXFileReference; lastKnownFileType = file.storyboard; name = Base; path = Base.lproj/Main.storyboard; sourceTree = "<group>"; };
		0782806A207C5FDD000D0B4A /* Assets.xcassets */ = {isa = PBXFileReference; lastKnownFileType = folder.assetcatalog; path = Assets.xcassets; sourceTree = "<group>"; };
		0782806D207C5FDD000D0B4A /* Base */ = {isa = PBXFileReference; lastKnownFileType = file.storyboard; name = Base; path = Base.lproj/LaunchScreen.storyboard; sourceTree = "<group>"; };
		0782806F207C5FDD000D0B4A /* Info.plist */ = {isa = PBXFileReference; lastKnownFileType = text.plist.xml; path = Info.plist; sourceTree = "<group>"; };
		07828070207C5FDD000D0B4A /* main.m */ = {isa = PBXFileReference; lastKnownFileType = sourcecode.c.objc; path = main.m; sourceTree = "<group>"; };
		07828077207C7641000D0B4A /* Common.h */ = {isa = PBXFileReference; lastKnownFileType = sourcecode.c.h; path = Common.h; sourceTree = "<group>"; };
		07828078207C765E000D0B4A /* Common.m */ = {isa = PBXFileReference; lastKnownFileType = sourcecode.c.objc; path = Common.m; sourceTree = "<group>"; };
		079089CC2083A9D7008890F8 /* UIViewController+funcs.h */ = {isa = PBXFileReference; lastKnownFileType = sourcecode.c.h; path = "UIViewController+funcs.h"; sourceTree = "<group>"; };
		079089CD2083A9D7008890F8 /* UIViewController+funcs.m */ = {isa = PBXFileReference; lastKnownFileType = sourcecode.c.objc; path = "UIViewController+funcs.m"; sourceTree = "<group>"; };
		079089CF2083AFD3008890F8 /* SelectOrderController.h */ = {isa = PBXFileReference; lastKnownFileType = sourcecode.c.h; path = SelectOrderController.h; sourceTree = "<group>"; };
		079089D02083AFD3008890F8 /* SelectOrderController.m */ = {isa = PBXFileReference; lastKnownFileType = sourcecode.c.objc; path = SelectOrderController.m; sourceTree = "<group>"; };
		07A75A47208E19C5004BA670 /* TextFieldCell.h */ = {isa = PBXFileReference; lastKnownFileType = sourcecode.c.h; path = TextFieldCell.h; sourceTree = "<group>"; };
		07A75A48208E19C5004BA670 /* TextFieldCell.m */ = {isa = PBXFileReference; lastKnownFileType = sourcecode.c.objc; path = TextFieldCell.m; sourceTree = "<group>"; };
		07A83CFC2090274B00C942E7 /* ChineseToPinyinResource.h */ = {isa = PBXFileReference; fileEncoding = 4; lastKnownFileType = sourcecode.c.h; name = ChineseToPinyinResource.h; path = PinYinConverter/ChineseToPinyinResource.h; sourceTree = "<group>"; };
		07A83CFD2090274B00C942E7 /* NSString+PinYin4Cocoa.h */ = {isa = PBXFileReference; fileEncoding = 4; lastKnownFileType = sourcecode.c.h; name = "NSString+PinYin4Cocoa.h"; path = "PinYinConverter/NSString+PinYin4Cocoa.h"; sourceTree = "<group>"; };
		07A83CFE2090274C00C942E7 /* HanyuPinyinOutputFormat.m */ = {isa = PBXFileReference; fileEncoding = 4; lastKnownFileType = sourcecode.c.objc; name = HanyuPinyinOutputFormat.m; path = PinYinConverter/HanyuPinyinOutputFormat.m; sourceTree = "<group>"; };
		07A83CFF2090274C00C942E7 /* ChineseToPinyinResource.m */ = {isa = PBXFileReference; fileEncoding = 4; lastKnownFileType = sourcecode.c.objc; name = ChineseToPinyinResource.m; path = PinYinConverter/ChineseToPinyinResource.m; sourceTree = "<group>"; };
		07A83D002090274C00C942E7 /* HanyuPinyinOutputFormat.h */ = {isa = PBXFileReference; fileEncoding = 4; lastKnownFileType = sourcecode.c.h; name = HanyuPinyinOutputFormat.h; path = PinYinConverter/HanyuPinyinOutputFormat.h; sourceTree = "<group>"; };
		07A83D012090274C00C942E7 /* PinyinFormatter.h */ = {isa = PBXFileReference; fileEncoding = 4; lastKnownFileType = sourcecode.c.h; name = PinyinFormatter.h; path = PinYinConverter/PinyinFormatter.h; sourceTree = "<group>"; };
		07A83D022090274C00C942E7 /* PinYin4Objc.h */ = {isa = PBXFileReference; fileEncoding = 4; lastKnownFileType = sourcecode.c.h; name = PinYin4Objc.h; path = PinYinConverter/PinYin4Objc.h; sourceTree = "<group>"; };
		07A83D032090274C00C942E7 /* PinyinFormatter.m */ = {isa = PBXFileReference; fileEncoding = 4; lastKnownFileType = sourcecode.c.objc; name = PinyinFormatter.m; path = PinYinConverter/PinyinFormatter.m; sourceTree = "<group>"; };
		07A83D042090274C00C942E7 /* PinyinHelper.h */ = {isa = PBXFileReference; fileEncoding = 4; lastKnownFileType = sourcecode.c.h; name = PinyinHelper.h; path = PinYinConverter/PinyinHelper.h; sourceTree = "<group>"; };
		07A83D052090274C00C942E7 /* PinyinHelper.m */ = {isa = PBXFileReference; fileEncoding = 4; lastKnownFileType = sourcecode.c.objc; name = PinyinHelper.m; path = PinYinConverter/PinyinHelper.m; sourceTree = "<group>"; };
		07A83D062090274C00C942E7 /* NSString+PinYin4Cocoa.m */ = {isa = PBXFileReference; fileEncoding = 4; lastKnownFileType = sourcecode.c.objc; name = "NSString+PinYin4Cocoa.m"; path = "PinYinConverter/NSString+PinYin4Cocoa.m"; sourceTree = "<group>"; };
		07A83D072090274C00C942E7 /* unicode_to_hanyu_pinyin.txt */ = {isa = PBXFileReference; fileEncoding = 4; lastKnownFileType = text; name = unicode_to_hanyu_pinyin.txt; path = PinYinConverter/unicode_to_hanyu_pinyin.txt; sourceTree = "<group>"; };
		07BDAE43207D9307009BFD30 /* SortingViewController.h */ = {isa = PBXFileReference; lastKnownFileType = sourcecode.c.h; path = SortingViewController.h; sourceTree = "<group>"; };
		07BDAE44207D9307009BFD30 /* SortingViewController.m */ = {isa = PBXFileReference; lastKnownFileType = sourcecode.c.objc; path = SortingViewController.m; sourceTree = "<group>"; };
		07D3C62F2089736400DE7AAF /* ELGroupedUnitCell.m */ = {isa = PBXFileReference; lastKnownFileType = sourcecode.c.objc; path = ELGroupedUnitCell.m; sourceTree = "<group>"; };
		07E38E04207CF1FF00E3A4BB /* UIView+frameProperty.h */ = {isa = PBXFileReference; lastKnownFileType = sourcecode.c.h; path = "UIView+frameProperty.h"; sourceTree = "<group>"; };
		07E38E05207CF1FF00E3A4BB /* UIView+frameProperty.m */ = {isa = PBXFileReference; lastKnownFileType = sourcecode.c.objc; path = "UIView+frameProperty.m"; sourceTree = "<group>"; };
		07E38E0A207CF63100E3A4BB /* ELSortNameCollectionCell.h */ = {isa = PBXFileReference; lastKnownFileType = sourcecode.c.h; path = ELSortNameCollectionCell.h; sourceTree = "<group>"; };
		07E38E0B207CF63100E3A4BB /* ELSortNameCollectionCell.m */ = {isa = PBXFileReference; lastKnownFileType = sourcecode.c.objc; path = ELSortNameCollectionCell.m; sourceTree = "<group>"; };
		07FC6DEE2090784B00167E51 /* SortBaseClass.m */ = {isa = PBXFileReference; lastKnownFileType = sourcecode.c.objc; path = SortBaseClass.m; sourceTree = "<group>"; };
		07FC6DF3209078A600167E51 /* LinearSorter.h */ = {isa = PBXFileReference; lastKnownFileType = sourcecode.c.h; path = LinearSorter.h; sourceTree = "<group>"; };
		07FC6DF6209090F900167E51 /* SorterProtocol.h */ = {isa = PBXFileReference; lastKnownFileType = sourcecode.c.h; path = SorterProtocol.h; sourceTree = "<group>"; };
		389835949699565BBE7AC97C /* Pods-SortReveal.release.xcconfig */ = {isa = PBXFileReference; includeInIndex = 1; lastKnownFileType = text.xcconfig; name = "Pods-SortReveal.release.xcconfig"; path = "Pods/Target Support Files/Pods-SortReveal/Pods-SortReveal.release.xcconfig"; sourceTree = "<group>"; };
		99BFB568E97EE65F8C1DD419 /* Pods-SortReveal.debug.xcconfig */ = {isa = PBXFileReference; includeInIndex = 1; lastKnownFileType = text.xcconfig; name = "Pods-SortReveal.debug.xcconfig"; path = "Pods/Target Support Files/Pods-SortReveal/Pods-SortReveal.debug.xcconfig"; sourceTree = "<group>"; };
		EB34E35209FCA2EA7D626133 /* Pods_SortReveal.framework */ = {isa = PBXFileReference; explicitFileType = wrapper.framework; includeInIndex = 0; path = Pods_SortReveal.framework; sourceTree = BUILT_PRODUCTS_DIR; };
/* End PBXFileReference section */

/* Begin PBXFrameworksBuildPhase section */
		0782805B207C5FDC000D0B4A /* Frameworks */ = {
			isa = PBXFrameworksBuildPhase;
			buildActionMask = 2147483647;
			files = (
				22E5C98030DE225BA63F3508 /* Pods_SortReveal.framework in Frameworks */,
			);
			runOnlyForDeploymentPostprocessing = 0;
		};
/* End PBXFrameworksBuildPhase section */

/* Begin PBXGroup section */
		0706F5F72085D9DA00A2753D /* Extension */ = {
			isa = PBXGroup;
			children = (
				0706F5FE2085E48B00A2753D /* UIView+funcs.h */,
				0706F5FF2085E48B00A2753D /* UIView+funcs.m */,
				07E38E04207CF1FF00E3A4BB /* UIView+frameProperty.h */,
				07E38E05207CF1FF00E3A4BB /* UIView+frameProperty.m */,
				079089CC2083A9D7008890F8 /* UIViewController+funcs.h */,
				079089CD2083A9D7008890F8 /* UIViewController+funcs.m */,
				07545DDA2083575400430681 /* UIImage+operations.h */,
				07545DDB2083575400430681 /* UIImage+operations.m */,
			);
			name = Extension;
			sourceTree = "<group>";
		};
		071D3776208EDC4300E59AA7 /* SelectController */ = {
			isa = PBXGroup;
			children = (
				071D3777208EDC8300E59AA7 /* SelectController.h */,
				071D3778208EDC8300E59AA7 /* SelectController.m */,
				07A75A46208E1685004BA670 /* SelectOrderController */,
				071D377A208EDF2900E59AA7 /* SelectFlowController */,
			);
			name = SelectController;
			sourceTree = "<group>";
		};
		071D377A208EDF2900E59AA7 /* SelectFlowController */ = {
			isa = PBXGroup;
			children = (
				071D3773208EDB9900E59AA7 /* SelectFlowController.h */,
				071D3774208EDB9900E59AA7 /* SelectFlowController.m */,
			);
			name = SelectFlowController;
			sourceTree = "<group>";
		};
		07245C162086E4AF00490B4C /* Sort */ = {
			isa = PBXGroup;
			children = (
				07FC6DED209073BC00167E51 /* Base */,
				07245C182086E61100490B4C /* LinearSubSorters.h */,
				077A40972084CA3500D887FB /* HeapSorter.m */,
				070032812086C8BD00A15D7E /* BubbleSorter.m */,
				071D377E208F1FF700E59AA7 /* SelectionSorter.m */,
				072E88A020878AC80044B478 /* InsertionSorter.m */,
			);
			name = Sort;
			sourceTree = "<group>";
		};
		07245C172086E4C200490B4C /* DataStructure */ = {
			isa = PBXGroup;
			children = (
				070EA1192086568F002B84E2 /* BinaryTree.mm */,
				070EA1172086568F002B84E2 /* HuffmanTree.hpp */,
				070EA1182086568F002B84E2 /* LinkedQueue.hpp */,
				070EA11C2086568F002B84E2 /* LinkedStack.hpp */,
				070EA11B2086568F002B84E2 /* MinHeap.hpp */,
				070EA11D2086568F002B84E2 /* Node.hpp */,
				070EA11A2086568F002B84E2 /* xcept.hpp */,
			);
			name = DataStructure;
			sourceTree = "<group>";
		};
		0724768A207DD5E6004786B8 /* Sort */ = {
			isa = PBXGroup;
			children = (
				07BDAE46207D97F4009BFD30 /* ConfigSortController */,
				07BDAE42207D92E3009BFD30 /* SortingViewController */,
				071D3776208EDC4300E59AA7 /* SelectController */,
				07A75A45208E166A004BA670 /* SettingViewController */,
			);
			name = Sort;
			sourceTree = "<group>";
		};
		07828055207C5FDC000D0B4A = {
			isa = PBXGroup;
			children = (
				07828060207C5FDC000D0B4A /* SortReveal */,
				0782805F207C5FDC000D0B4A /* Products */,
				816A0AEF975ECA07FCE7C15B /* Pods */,
				650120B2EA3BDD2D39541CBF /* Frameworks */,
			);
			sourceTree = "<group>";
		};
		0782805F207C5FDC000D0B4A /* Products */ = {
			isa = PBXGroup;
			children = (
				0782805E207C5FDC000D0B4A /* SortReveal.app */,
			);
			name = Products;
			sourceTree = "<group>";
		};
		07828060207C5FDC000D0B4A /* SortReveal */ = {
			isa = PBXGroup;
			children = (
				07BD8C992085B4D6008440A7 /* Model */,
				0724768A207DD5E6004786B8 /* Sort */,
				07BDAE40207D8E8B009BFD30 /* Main */,
				07BDAE41207D8EC1009BFD30 /* Common */,
				0706F5F72085D9DA00A2753D /* Extension */,
				0782807A207C77F2000D0B4A /* support */,
			);
			path = SortReveal;
			sourceTree = "<group>";
		};
		0782807A207C77F2000D0B4A /* support */ = {
			isa = PBXGroup;
			children = (
				07A83CFA2090271B00C942E7 /* SDK */,
				07828061207C5FDC000D0B4A /* AppDelegate.h */,
				07828062207C5FDC000D0B4A /* AppDelegate.m */,
				07828070207C5FDD000D0B4A /* main.m */,
				0782806F207C5FDD000D0B4A /* Info.plist */,
				0782806A207C5FDD000D0B4A /* Assets.xcassets */,
				0782806C207C5FDD000D0B4A /* LaunchScreen.storyboard */,
				07828067207C5FDC000D0B4A /* Main.storyboard */,
			);
			name = support;
			sourceTree = "<group>";
		};
		07A75A45208E166A004BA670 /* SettingViewController */ = {
			isa = PBXGroup;
			children = (
				0733322C208D721A009E2E38 /* SettingViewController.h */,
				0733322D208D721A009E2E38 /* SettingViewController.m */,
				0733322F208DA110009E2E38 /* SwitchCell.h */,
				07333230208DA110009E2E38 /* SwitchCell.m */,
				07A75A47208E19C5004BA670 /* TextFieldCell.h */,
				07A75A48208E19C5004BA670 /* TextFieldCell.m */,
			);
			name = SettingViewController;
			sourceTree = "<group>";
		};
		07A75A46208E1685004BA670 /* SelectOrderController */ = {
			isa = PBXGroup;
			children = (
				079089CF2083AFD3008890F8 /* SelectOrderController.h */,
				079089D02083AFD3008890F8 /* SelectOrderController.m */,
			);
			name = SelectOrderController;
			sourceTree = "<group>";
		};
		07A83CFA2090271B00C942E7 /* SDK */ = {
			isa = PBXGroup;
			children = (
				07A83CFB2090272900C942E7 /* PinyinConverter */,
			);
			name = SDK;
			sourceTree = "<group>";
		};
		07A83CFB2090272900C942E7 /* PinyinConverter */ = {
			isa = PBXGroup;
			children = (
				07A83CFC2090274B00C942E7 /* ChineseToPinyinResource.h */,
				07A83CFF2090274C00C942E7 /* ChineseToPinyinResource.m */,
				07A83D002090274C00C942E7 /* HanyuPinyinOutputFormat.h */,
				07A83CFE2090274C00C942E7 /* HanyuPinyinOutputFormat.m */,
				07A83CFD2090274B00C942E7 /* NSString+PinYin4Cocoa.h */,
				07A83D062090274C00C942E7 /* NSString+PinYin4Cocoa.m */,
				07A83D022090274C00C942E7 /* PinYin4Objc.h */,
				07A83D012090274C00C942E7 /* PinyinFormatter.h */,
				07A83D032090274C00C942E7 /* PinyinFormatter.m */,
				07A83D042090274C00C942E7 /* PinyinHelper.h */,
				07A83D052090274C00C942E7 /* PinyinHelper.m */,
				07A83D072090274C00C942E7 /* unicode_to_hanyu_pinyin.txt */,
			);
			name = PinyinConverter;
			sourceTree = "<group>";
		};
		07BD8C992085B4D6008440A7 /* Model */ = {
			isa = PBXGroup;
			children = (
				07245C162086E4AF00490B4C /* Sort */,
				07245C172086E4C200490B4C /* DataStructure */,
			);
			name = Model;
			sourceTree = "<group>";
		};
		07BDAE40207D8E8B009BFD30 /* Main */ = {
			isa = PBXGroup;
			children = (
				07828064207C5FDC000D0B4A /* ViewController.h */,
				07828065207C5FDC000D0B4A /* ViewController.m */,
				07545DD72083028700430681 /* ELSplitViewController.h */,
				07545DD82083028700430681 /* ELSplitViewController.m */,
				07E38E0A207CF63100E3A4BB /* ELSortNameCollectionCell.h */,
				07E38E0B207CF63100E3A4BB /* ELSortNameCollectionCell.m */,
			);
			name = Main;
			sourceTree = "<group>";
		};
		07BDAE41207D8EC1009BFD30 /* Common */ = {
			isa = PBXGroup;
			children = (
				078175602084ADCA00FD043B /* Protocols.h */,
				07828077207C7641000D0B4A /* Common.h */,
				07828078207C765E000D0B4A /* Common.m */,
			);
			name = Common;
			sourceTree = "<group>";
		};
		07BDAE42207D92E3009BFD30 /* SortingViewController */ = {
			isa = PBXGroup;
			children = (
				07BDAE43207D9307009BFD30 /* SortingViewController.h */,
				07BDAE44207D9307009BFD30 /* SortingViewController.m */,
				0706F6012086189800A2753D /* ELCollectionCell.h */,
				0706F5F92085DA6000A2753D /* ELLinearUnitCell.m */,
				070EA1162086568F002B84E2 /* ELTreeUnitCell.mm */,
				07D3C62F2089736400DE7AAF /* ELGroupedUnitCell.m */,
			);
			name = SortingViewController;
			sourceTree = "<group>";
		};
		07BDAE46207D97F4009BFD30 /* ConfigSortController */ = {
			isa = PBXGroup;
			children = (
				072D656E207FA24B00C25E75 /* ConfigSortController.h */,
				072D656F207FA24B00C25E75 /* ConfigSortController.m */,
			);
			name = ConfigSortController;
			sourceTree = "<group>";
		};
		07FC6DED209073BC00167E51 /* Base */ = {
			isa = PBXGroup;
			children = (
				07FC6DF6209090F900167E51 /* SorterProtocol.h */,
				070032802086C8BD00A15D7E /* SortBaseClass.h */,
				07FC6DEE2090784B00167E51 /* SortBaseClass.m */,
				07FC6DF3209078A600167E51 /* LinearSorter.h */,
				07245C142086E49300490B4C /* LinearSorter.m */,
			);
			name = Base;
			sourceTree = "<group>";
		};
		650120B2EA3BDD2D39541CBF /* Frameworks */ = {
			isa = PBXGroup;
			children = (
				EB34E35209FCA2EA7D626133 /* Pods_SortReveal.framework */,
			);
			name = Frameworks;
			sourceTree = "<group>";
		};
		816A0AEF975ECA07FCE7C15B /* Pods */ = {
			isa = PBXGroup;
			children = (
				99BFB568E97EE65F8C1DD419 /* Pods-SortReveal.debug.xcconfig */,
				389835949699565BBE7AC97C /* Pods-SortReveal.release.xcconfig */,
			);
			name = Pods;
			sourceTree = "<group>";
		};
/* End PBXGroup section */

/* Begin PBXNativeTarget section */
		0782805D207C5FDC000D0B4A /* SortReveal */ = {
			isa = PBXNativeTarget;
			buildConfigurationList = 07828074207C5FDD000D0B4A /* Build configuration list for PBXNativeTarget "SortReveal" */;
			buildPhases = (
				21528C1C1B055D24380187CC /* [CP] Check Pods Manifest.lock */,
				0782805A207C5FDC000D0B4A /* Sources */,
				0782805B207C5FDC000D0B4A /* Frameworks */,
				0782805C207C5FDC000D0B4A /* Resources */,
				573761C38D9CE32E8488BD9E /* [CP] Embed Pods Frameworks */,
				9B4FEC17E366B1B6224A3A21 /* [CP] Copy Pods Resources */,
			);
			buildRules = (
			);
			dependencies = (
			);
			name = SortReveal;
			productName = SortReveal;
			productReference = 0782805E207C5FDC000D0B4A /* SortReveal.app */;
			productType = "com.apple.product-type.application";
		};
/* End PBXNativeTarget section */

/* Begin PBXProject section */
		07828056207C5FDC000D0B4A /* Project object */ = {
			isa = PBXProject;
			attributes = {
				LastUpgradeCheck = 0930;
				ORGANIZATIONNAME = Eric;
				TargetAttributes = {
					0782805D207C5FDC000D0B4A = {
						CreatedOnToolsVersion = 9.4;
						LastSwiftMigration = 0940;
						ProvisioningStyle = Automatic;
					};
				};
			};
			buildConfigurationList = 07828059207C5FDC000D0B4A /* Build configuration list for PBXProject "SortReveal" */;
			compatibilityVersion = "Xcode 8.0";
			developmentRegion = en;
			hasScannedForEncodings = 0;
			knownRegions = (
				en,
				Base,
			);
			mainGroup = 07828055207C5FDC000D0B4A;
			productRefGroup = 0782805F207C5FDC000D0B4A /* Products */;
			projectDirPath = "";
			projectRoot = "";
			targets = (
				0782805D207C5FDC000D0B4A /* SortReveal */,
			);
		};
/* End PBXProject section */

/* Begin PBXResourcesBuildPhase section */
		0782805C207C5FDC000D0B4A /* Resources */ = {
			isa = PBXResourcesBuildPhase;
			buildActionMask = 2147483647;
			files = (
				07A83D0D2090274C00C942E7 /* unicode_to_hanyu_pinyin.txt in Resources */,
				0782806E207C5FDD000D0B4A /* LaunchScreen.storyboard in Resources */,
				0782806B207C5FDD000D0B4A /* Assets.xcassets in Resources */,
				07828069207C5FDC000D0B4A /* Main.storyboard in Resources */,
			);
			runOnlyForDeploymentPostprocessing = 0;
		};
/* End PBXResourcesBuildPhase section */

/* Begin PBXShellScriptBuildPhase section */
		21528C1C1B055D24380187CC /* [CP] Check Pods Manifest.lock */ = {
			isa = PBXShellScriptBuildPhase;
			buildActionMask = 2147483647;
			files = (
			);
			inputPaths = (
				"${PODS_PODFILE_DIR_PATH}/Podfile.lock",
				"${PODS_ROOT}/Manifest.lock",
			);
			name = "[CP] Check Pods Manifest.lock";
			outputPaths = (
				"$(DERIVED_FILE_DIR)/Pods-SortReveal-checkManifestLockResult.txt",
			);
			runOnlyForDeploymentPostprocessing = 0;
			shellPath = /bin/sh;
			shellScript = "diff \"${PODS_PODFILE_DIR_PATH}/Podfile.lock\" \"${PODS_ROOT}/Manifest.lock\" > /dev/null\nif [ $? != 0 ] ; then\n    # print error to STDERR\n    echo \"error: The sandbox is not in sync with the Podfile.lock. Run 'pod install' or update your CocoaPods installation.\" >&2\n    exit 1\nfi\n# This output is used by Xcode 'outputs' to avoid re-running this script phase.\necho \"SUCCESS\" > \"${SCRIPT_OUTPUT_FILE_0}\"\n";
			showEnvVarsInLog = 0;
		};
		573761C38D9CE32E8488BD9E /* [CP] Embed Pods Frameworks */ = {
			isa = PBXShellScriptBuildPhase;
			buildActionMask = 2147483647;
			files = (
			);
			inputPaths = (
				"${SRCROOT}/Pods/Target Support Files/Pods-SortReveal/Pods-SortReveal-frameworks.sh",
				"${BUILT_PRODUCTS_DIR}/Masonry/Masonry.framework",
			);
			name = "[CP] Embed Pods Frameworks";
			outputPaths = (
				"${TARGET_BUILD_DIR}/${FRAMEWORKS_FOLDER_PATH}/Masonry.framework",
			);
			runOnlyForDeploymentPostprocessing = 0;
			shellPath = /bin/sh;
			shellScript = "\"${SRCROOT}/Pods/Target Support Files/Pods-SortReveal/Pods-SortReveal-frameworks.sh\"\n";
			showEnvVarsInLog = 0;
		};
		9B4FEC17E366B1B6224A3A21 /* [CP] Copy Pods Resources */ = {
			isa = PBXShellScriptBuildPhase;
			buildActionMask = 2147483647;
			files = (
			);
			inputPaths = (
			);
			name = "[CP] Copy Pods Resources";
			outputPaths = (
			);
			runOnlyForDeploymentPostprocessing = 0;
			shellPath = /bin/sh;
			shellScript = "\"${SRCROOT}/Pods/Target Support Files/Pods-SortReveal/Pods-SortReveal-resources.sh\"\n";
			showEnvVarsInLog = 0;
		};
/* End PBXShellScriptBuildPhase section */

/* Begin PBXSourcesBuildPhase section */
		0782805A207C5FDC000D0B4A /* Sources */ = {
			isa = PBXSourcesBuildPhase;
			buildActionMask = 2147483647;
			files = (
				07A83D092090274C00C942E7 /* ChineseToPinyinResource.m in Sources */,
				077A40982084CA3500D887FB /* HeapSorter.m in Sources */,
				07E38E06207CF1FF00E3A4BB /* UIView+frameProperty.m in Sources */,
				07D3C6302089736400DE7AAF /* ELGroupedUnitCell.m in Sources */,
				071D3775208EDB9900E59AA7 /* SelectFlowController.m in Sources */,
				07A83D0C2090274C00C942E7 /* NSString+PinYin4Cocoa.m in Sources */,
				07A75A49208E19C5004BA670 /* TextFieldCell.m in Sources */,
				071D377F208F1FF700E59AA7 /* SelectionSorter.m in Sources */,
				07A83D082090274C00C942E7 /* HanyuPinyinOutputFormat.m in Sources */,
				071D3779208EDC8300E59AA7 /* SelectController.m in Sources */,
				07545DDC2083575400430681 /* UIImage+operations.m in Sources */,
				07E38E0C207CF63100E3A4BB /* ELSortNameCollectionCell.m in Sources */,
				07333231208DA110009E2E38 /* SwitchCell.m in Sources */,
				079089CE2083A9D7008890F8 /* UIViewController+funcs.m in Sources */,
				072D6570207FA24B00C25E75 /* ConfigSortController.m in Sources */,
				07FC6DEF2090784B00167E51 /* SortBaseClass.m in Sources */,
				07828079207C765E000D0B4A /* Common.m in Sources */,
				07BDAE45207D9307009BFD30 /* SortingViewController.m in Sources */,
				0733322E208D721A009E2E38 /* SettingViewController.m in Sources */,
				07A83D0B2090274C00C942E7 /* PinyinHelper.m in Sources */,
				0706F5FA2085DA6000A2753D /* ELLinearUnitCell.m in Sources */,
				07828066207C5FDC000D0B4A /* ViewController.m in Sources */,
				072E88A120878AC80044B478 /* InsertionSorter.m in Sources */,
				070EA11E2086568F002B84E2 /* ELTreeUnitCell.mm in Sources */,
				079089D12083AFD3008890F8 /* SelectOrderController.m in Sources */,
				070EA11F2086568F002B84E2 /* BinaryTree.mm in Sources */,
				0706F6002085E48B00A2753D /* UIView+funcs.m in Sources */,
				070032822086C8BD00A15D7E /* BubbleSorter.m in Sources */,
				07A83D0A2090274C00C942E7 /* PinyinFormatter.m in Sources */,
				07245C152086E49300490B4C /* LinearSorter.m in Sources */,
				07828071207C5FDD000D0B4A /* main.m in Sources */,
				07828063207C5FDC000D0B4A /* AppDelegate.m in Sources */,
				07545DD92083028700430681 /* ELSplitViewController.m in Sources */,
			);
			runOnlyForDeploymentPostprocessing = 0;
		};
/* End PBXSourcesBuildPhase section */

/* Begin PBXVariantGroup section */
		07828067207C5FDC000D0B4A /* Main.storyboard */ = {
			isa = PBXVariantGroup;
			children = (
				07828068207C5FDC000D0B4A /* Base */,
			);
			name = Main.storyboard;
			sourceTree = "<group>";
		};
		0782806C207C5FDD000D0B4A /* LaunchScreen.storyboard */ = {
			isa = PBXVariantGroup;
			children = (
				0782806D207C5FDD000D0B4A /* Base */,
			);
			name = LaunchScreen.storyboard;
			sourceTree = "<group>";
		};
/* End PBXVariantGroup section */

/* Begin XCBuildConfiguration section */
		07828072207C5FDD000D0B4A /* Debug */ = {
			isa = XCBuildConfiguration;
			buildSettings = {
				ALWAYS_SEARCH_USER_PATHS = NO;
				CLANG_ANALYZER_NONNULL = YES;
				CLANG_ANALYZER_NUMBER_OBJECT_CONVERSION = YES_AGGRESSIVE;
				CLANG_CXX_LANGUAGE_STANDARD = "gnu++14";
				CLANG_CXX_LIBRARY = "libc++";
				CLANG_ENABLE_MODULES = YES;
				CLANG_ENABLE_OBJC_ARC = YES;
				CLANG_ENABLE_OBJC_WEAK = YES;
				CLANG_WARN_BLOCK_CAPTURE_AUTORELEASING = YES;
				CLANG_WARN_BOOL_CONVERSION = YES;
				CLANG_WARN_COMMA = YES;
				CLANG_WARN_CONSTANT_CONVERSION = YES;
				CLANG_WARN_DEPRECATED_OBJC_IMPLEMENTATIONS = YES;
				CLANG_WARN_DIRECT_OBJC_ISA_USAGE = YES_ERROR;
				CLANG_WARN_DOCUMENTATION_COMMENTS = YES;
				CLANG_WARN_EMPTY_BODY = YES;
				CLANG_WARN_ENUM_CONVERSION = YES;
				CLANG_WARN_INFINITE_RECURSION = YES;
				CLANG_WARN_INT_CONVERSION = YES;
				CLANG_WARN_NON_LITERAL_NULL_CONVERSION = YES;
				CLANG_WARN_OBJC_IMPLICIT_RETAIN_SELF = YES;
				CLANG_WARN_OBJC_LITERAL_CONVERSION = YES;
				CLANG_WARN_OBJC_ROOT_CLASS = YES_ERROR;
				CLANG_WARN_RANGE_LOOP_ANALYSIS = YES;
				CLANG_WARN_STRICT_PROTOTYPES = YES;
				CLANG_WARN_SUSPICIOUS_MOVE = YES;
				CLANG_WARN_UNGUARDED_AVAILABILITY = YES_AGGRESSIVE;
				CLANG_WARN_UNREACHABLE_CODE = YES;
				CLANG_WARN__DUPLICATE_METHOD_MATCH = YES;
				CODE_SIGN_IDENTITY = "iPhone Developer";
				COPY_PHASE_STRIP = NO;
				DEBUG_INFORMATION_FORMAT = dwarf;
				ENABLE_STRICT_OBJC_MSGSEND = YES;
				ENABLE_TESTABILITY = YES;
				GCC_C_LANGUAGE_STANDARD = gnu11;
				GCC_DYNAMIC_NO_PIC = NO;
				GCC_NO_COMMON_BLOCKS = YES;
				GCC_OPTIMIZATION_LEVEL = 0;
				GCC_PREPROCESSOR_DEFINITIONS = (
					"DEBUG=1",
					"$(inherited)",
				);
				GCC_WARN_64_TO_32_BIT_CONVERSION = YES;
				GCC_WARN_ABOUT_RETURN_TYPE = YES_ERROR;
				GCC_WARN_UNDECLARED_SELECTOR = YES;
				GCC_WARN_UNINITIALIZED_AUTOS = YES_AGGRESSIVE;
				GCC_WARN_UNUSED_FUNCTION = YES;
				GCC_WARN_UNUSED_VARIABLE = YES;
				IPHONEOS_DEPLOYMENT_TARGET = 8.0;
				MTL_ENABLE_DEBUG_INFO = YES;
				ONLY_ACTIVE_ARCH = YES;
				SDKROOT = iphoneos;
			};
			name = Debug;
		};
		07828073207C5FDD000D0B4A /* Release */ = {
			isa = XCBuildConfiguration;
			buildSettings = {
				ALWAYS_SEARCH_USER_PATHS = NO;
				CLANG_ANALYZER_NONNULL = YES;
				CLANG_ANALYZER_NUMBER_OBJECT_CONVERSION = YES_AGGRESSIVE;
				CLANG_CXX_LANGUAGE_STANDARD = "gnu++14";
				CLANG_CXX_LIBRARY = "libc++";
				CLANG_ENABLE_MODULES = YES;
				CLANG_ENABLE_OBJC_ARC = YES;
				CLANG_ENABLE_OBJC_WEAK = YES;
				CLANG_WARN_BLOCK_CAPTURE_AUTORELEASING = YES;
				CLANG_WARN_BOOL_CONVERSION = YES;
				CLANG_WARN_COMMA = YES;
				CLANG_WARN_CONSTANT_CONVERSION = YES;
				CLANG_WARN_DEPRECATED_OBJC_IMPLEMENTATIONS = YES;
				CLANG_WARN_DIRECT_OBJC_ISA_USAGE = YES_ERROR;
				CLANG_WARN_DOCUMENTATION_COMMENTS = YES;
				CLANG_WARN_EMPTY_BODY = YES;
				CLANG_WARN_ENUM_CONVERSION = YES;
				CLANG_WARN_INFINITE_RECURSION = YES;
				CLANG_WARN_INT_CONVERSION = YES;
				CLANG_WARN_NON_LITERAL_NULL_CONVERSION = YES;
				CLANG_WARN_OBJC_IMPLICIT_RETAIN_SELF = YES;
				CLANG_WARN_OBJC_LITERAL_CONVERSION = YES;
				CLANG_WARN_OBJC_ROOT_CLASS = YES_ERROR;
				CLANG_WARN_RANGE_LOOP_ANALYSIS = YES;
				CLANG_WARN_STRICT_PROTOTYPES = YES;
				CLANG_WARN_SUSPICIOUS_MOVE = YES;
				CLANG_WARN_UNGUARDED_AVAILABILITY = YES_AGGRESSIVE;
				CLANG_WARN_UNREACHABLE_CODE = YES;
				CLANG_WARN__DUPLICATE_METHOD_MATCH = YES;
				CODE_SIGN_IDENTITY = "iPhone Developer";
				COPY_PHASE_STRIP = NO;
				DEBUG_INFORMATION_FORMAT = "dwarf-with-dsym";
				ENABLE_NS_ASSERTIONS = NO;
				ENABLE_STRICT_OBJC_MSGSEND = YES;
				GCC_C_LANGUAGE_STANDARD = gnu11;
				GCC_NO_COMMON_BLOCKS = YES;
				GCC_WARN_64_TO_32_BIT_CONVERSION = YES;
				GCC_WARN_ABOUT_RETURN_TYPE = YES_ERROR;
				GCC_WARN_UNDECLARED_SELECTOR = YES;
				GCC_WARN_UNINITIALIZED_AUTOS = YES_AGGRESSIVE;
				GCC_WARN_UNUSED_FUNCTION = YES;
				GCC_WARN_UNUSED_VARIABLE = YES;
				IPHONEOS_DEPLOYMENT_TARGET = 8.0;
				MTL_ENABLE_DEBUG_INFO = NO;
				SDKROOT = iphoneos;
				VALIDATE_PRODUCT = YES;
			};
			name = Release;
		};
		07828075207C5FDD000D0B4A /* Debug */ = {
			isa = XCBuildConfiguration;
			baseConfigurationReference = 99BFB568E97EE65F8C1DD419 /* Pods-SortReveal.debug.xcconfig */;
			buildSettings = {
				ASSETCATALOG_COMPILER_APPICON_NAME = AppIcon;
				CLANG_ENABLE_MODULES = YES;
				CLANG_ENABLE_OBJC_WEAK = YES;
				CODE_SIGN_STYLE = Automatic;
				DEVELOPMENT_TEAM = 98RSU49GZT;
				INFOPLIST_FILE = SortReveal/Info.plist;
				IPHONEOS_DEPLOYMENT_TARGET = 8.0;
				LD_RUNPATH_SEARCH_PATHS = "$(inherited) @executable_path/Frameworks";
				PRODUCT_BUNDLE_IDENTIFIER = com.INGStudio.SortReveal;
				PRODUCT_NAME = "$(TARGET_NAME)";
				SWIFT_OBJC_BRIDGING_HEADER = "SortReveal/SortReveal-Bridging-Header.h";
				SWIFT_OPTIMIZATION_LEVEL = "-Onone";
				SWIFT_VERSION = 3.0;
				TARGETED_DEVICE_FAMILY = "1,2";
			};
			name = Debug;
		};
		07828076207C5FDD000D0B4A /* Release */ = {
			isa = XCBuildConfiguration;
			baseConfigurationReference = 389835949699565BBE7AC97C /* Pods-SortReveal.release.xcconfig */;
			buildSettings = {
				ASSETCATALOG_COMPILER_APPICON_NAME = AppIcon;
				CLANG_ENABLE_MODULES = YES;
				CLANG_ENABLE_OBJC_WEAK = YES;
				CODE_SIGN_STYLE = Automatic;
				DEVELOPMENT_TEAM = 98RSU49GZT;
				INFOPLIST_FILE = SortReveal/Info.plist;
				IPHONEOS_DEPLOYMENT_TARGET = 8.0;
				LD_RUNPATH_SEARCH_PATHS = "$(inherited) @executable_path/Frameworks";
				PRODUCT_BUNDLE_IDENTIFIER = com.INGStudio.SortReveal;
				PRODUCT_NAME = "$(TARGET_NAME)";
				SWIFT_OBJC_BRIDGING_HEADER = "SortReveal/SortReveal-Bridging-Header.h";
				SWIFT_VERSION = 3.0;
				TARGETED_DEVICE_FAMILY = "1,2";
			};
			name = Release;
		};
/* End XCBuildConfiguration section */

/* Begin XCConfigurationList section */
		07828059207C5FDC000D0B4A /* Build configuration list for PBXProject "SortReveal" */ = {
			isa = XCConfigurationList;
			buildConfigurations = (
				07828072207C5FDD000D0B4A /* Debug */,
				07828073207C5FDD000D0B4A /* Release */,
			);
			defaultConfigurationIsVisible = 0;
			defaultConfigurationName = Release;
		};
		07828074207C5FDD000D0B4A /* Build configuration list for PBXNativeTarget "SortReveal" */ = {
			isa = XCConfigurationList;
			buildConfigurations = (
				07828075207C5FDD000D0B4A /* Debug */,
				07828076207C5FDD000D0B4A /* Release */,
			);
			defaultConfigurationIsVisible = 0;
			defaultConfigurationName = Release;
		};
/* End XCConfigurationList section */
	};
	rootObject = 07828056207C5FDC000D0B4A /* Project object */;
}
